
Microsoft Visual Studio Solution File, Format Version 12.00
# Visual Studio Version 17
VisualStudioVersion = 17.8.34330.188
MinimumVisualStudioVersion = 10.0.40219.1
Project("{FAE04EC0-301F-11D3-BF4B-00C04F79EFBC}") = "Lab3_2", "Lab3_2.csproj", "{3A9CA390-BCD7-4558-8986-1F8A61239E9D}"
EndProject
Global
	GlobalSection(SolutionConfigurationPlatforms) = preSolution
		Debug|Any CPU = Debug|Any CPU
		Release|Any CPU = Release|Any CPU
	EndGlobalSection
	GlobalSection(ProjectConfigurationPlatforms) = postSolution
		{3A9CA390-BCD7-4558-8986-1F8A61239E9D}.Debug|Any CPU.ActiveCfg = Debug|Any CPU
		{3A9CA390-BCD7-4558-8986-1F8A61239E9D}.Debug|Any CPU.Build.0 = Debug|Any CPU
		{3A9CA390-BCD7-4558-8986-1F8A61239E9D}.Release|Any CPU.ActiveCfg = Release|Any CPU
		{3A9CA390-BCD7-4558-8986-1F8A61239E9D}.Release|Any CPU.Build.0 = Release|Any CPU
	EndGlobalSection
	GlobalSection(SolutionProperties) = preSolution
		HideSolutionNode = FALSE
	EndGlobalSection
	GlobalSection(ExtensibilityGlobals) = postSolution
		SolutionGuid = {3BC46428-1F32-47DB-AB6F-B78F825670A7}
	EndGlobalSection
EndGlobal
